{
  "version": "5",
  "specifiers": {
    "jsr:@marianmeres/item-collection@^1.3.5": "1.3.5",
    "jsr:@marianmeres/pubsub@^2.4.4": "2.4.6",
    "jsr:@marianmeres/searchable@^2.4.0": "2.4.0",
    "jsr:@std/assert@^1.0.19": "1.0.19",
    "jsr:@std/cli@^1.0.28": "1.0.28",
    "jsr:@std/collections@^1.1.6": "1.1.6",
    "jsr:@std/encoding@*": "1.0.10",
    "jsr:@std/encoding@^1.0.10": "1.0.10",
    "jsr:@std/fmt@^1.0.9": "1.0.9",
    "jsr:@std/fs@^1.0.23": "1.0.23",
    "jsr:@std/internal@^1.0.12": "1.0.12",
    "jsr:@std/path@^1.1.4": "1.1.4",
    "jsr:@std/yaml@^1.0.12": "1.0.12",
    "npm:@types/node@*": "22.15.15",
    "npm:lodash@^4.17.23": "4.17.23",
    "npm:marked@^15.0.12": "15.0.12"
  },
  "jsr": {
    "@marianmeres/item-collection@1.3.5": {
      "integrity": "9d6081ba66aa687abbe863f105b36f8553de98b25fe7ad33bce9c254c94c3b21",
      "dependencies": [
        "jsr:@marianmeres/pubsub",
        "jsr:@marianmeres/searchable"
      ]
    },
    "@marianmeres/pubsub@2.4.6": {
      "integrity": "949fc1f5e39a84642f5943dccb94fe14c58bfffa48649e8401f3d0607a7f2159"
    },
    "@marianmeres/searchable@2.4.0": {
      "integrity": "e59564952f2f15009e04fb426fbec6e8d7927d7b0cb6c5b60f38b0578378ff6e"
    },
    "@std/assert@1.0.19": {
      "integrity": "eaada96ee120cb980bc47e040f82814d786fe8162ecc53c91d8df60b8755991e",
      "dependencies": [
        "jsr:@std/internal"
      ]
    },
    "@std/cli@1.0.28": {
      "integrity": "74ef9b976db59ca6b23a5283469c9072be6276853807a83ec6c7ce412135c70a",
      "dependencies": [
        "jsr:@std/fmt",
        "jsr:@std/internal"
      ]
    },
    "@std/collections@1.1.6": {
      "integrity": "b458160ce65ea5ad35da05d0a5cbee4b583677c8b443a10d7beb0c4ac63f2baa"
    },
    "@std/encoding@1.0.10": {
      "integrity": "8783c6384a2d13abd5e9e87a7ae0520a30e9f56aeeaa3bdf910a3eaaf5c811a1"
    },
    "@std/fmt@1.0.9": {
      "integrity": "2487343e8899fb2be5d0e3d35013e54477ada198854e52dd05ed0422eddcabe0"
    },
    "@std/fs@1.0.23": {
      "integrity": "3ecbae4ce4fee03b180fa710caff36bb5adb66631c46a6460aaad49515565a37",
      "dependencies": [
        "jsr:@std/internal",
        "jsr:@std/path"
      ]
    },
    "@std/internal@1.0.12": {
      "integrity": "972a634fd5bc34b242024402972cd5143eac68d8dffaca5eaa4dba30ce17b027"
    },
    "@std/path@1.1.4": {
      "integrity": "1d2d43f39efb1b42f0b1882a25486647cb851481862dc7313390b2bb044314b5",
      "dependencies": [
        "jsr:@std/internal"
      ]
    },
    "@std/yaml@1.0.12": {
      "integrity": "7deabca4545bcedd07c5f69ea53acea71b8b4c67562f224e17b90d75944cb20c"
    }
  },
  "npm": {
    "@types/node@22.15.15": {
      "integrity": "sha512-R5muMcZob3/Jjchn5LcO8jdKwSCbzqmPB6ruBxMcf9kbxtniZHP327s6C37iOfuw8mbKK3cAQa7sEl7afLrQ8A==",
      "dependencies": [
        "undici-types"
      ]
    },
    "lodash@4.17.23": {
      "integrity": "sha512-LgVTMpQtIopCi79SJeDiP0TfWi5CNEc/L/aRdTh3yIvmZXTnheWpKjSZhnvMl8iXbC1tFg9gdHHDMLoV7CnG+w=="
    },
    "marked@15.0.12": {
      "integrity": "sha512-8dD6FusOQSrpv9Z1rdNMdlSgQOIP880DHqnohobOmYLElGEqAL/JvxvuxZO16r4HtjTlfPRDC1hbvxC9dPN2nA==",
      "bin": true
    },
    "undici-types@6.21.0": {
      "integrity": "sha512-iwDZqg0QAGrg9Rav5H4n0M64c3mkR59cJ6wQp+7C4nI0gsmExaedaYLNO44eT4AtBBwjbTiGPMlt2Md0T9H9JQ=="
    }
  },
  "workspace": {
    "dependencies": [
      "jsr:@marianmeres/item-collection@^1.3.5",
      "jsr:@std/assert@^1.0.19",
      "jsr:@std/cli@^1.0.28",
      "jsr:@std/collections@^1.1.6",
      "jsr:@std/encoding@^1.0.10",
      "jsr:@std/fmt@^1.0.9",
      "jsr:@std/fs@^1.0.23",
      "jsr:@std/path@^1.1.4",
      "jsr:@std/yaml@^1.0.12",
      "npm:lodash@^4.17.23",
      "npm:marked@^15.0.12"
    ]
  }
}
